
Microsoft Visual Studio Solution File, Format Version 12.00
# Visual Studio 15
VisualStudioVersion = 15.0.26730.16
MinimumVisualStudioVersion = 10.0.40219.1
Project("{FAE04EC0-301F-11D3-BF4B-00C04F79EFBC}") = "Crushers", "Crushers\Crushers.csproj", "{5ED5F99C-FE93-4FB3-B17F-68E2CB089893}"
EndProject
Global
	GlobalSection(SolutionConfigurationPlatforms) = preSolution
		Debug|Any CPU = Debug|Any CPU
		Release|Any CPU = Release|Any CPU
	EndGlobalSection
	GlobalSection(ProjectConfigurationPlatforms) = postSolution
		{5ED5F99C-FE93-4FB3-B17F-68E2CB089893}.Debug|Any CPU.ActiveCfg = Debug|Any CPU
		{5ED5F99C-FE93-4FB3-B17F-68E2CB089893}.Debug|Any CPU.Build.0 = Debug|Any CPU
		{5ED5F99C-FE93-4FB3-B17F-68E2CB089893}.Release|Any CPU.ActiveCfg = Release|Any CPU
		{5ED5F99C-FE93-4FB3-B17F-68E2CB089893}.Release|Any CPU.Build.0 = Release|Any CPU
	EndGlobalSection
	GlobalSection(SolutionProperties) = preSolution
		HideSolutionNode = FALSE
	EndGlobalSection
	GlobalSection(ExtensibilityGlobals) = postSolution
		SolutionGuid = {1AB8A63D-8A2B-49CE-8AF0-8A7F45C13601}
	EndGlobalSection
EndGlobal
